
Microsoft Visual Studio Solution File, Format Version 12.00
# Visual Studio Version 17
VisualStudioVersion = 17.0.32126.317
MinimumVisualStudioVersion = 10.0.40219.1
Project("{FAE04EC0-301F-11D3-BF4B-00C04F79EFBC}") = "RPG", "RPG\RPG.csproj", "{776EE51A-56F0-4A57-A262-2D63D7695D7B}"
EndProject
Global
	GlobalSection(SolutionConfigurationPlatforms) = preSolution
		Debug|Any CPU = Debug|Any CPU
		Release|Any CPU = Release|Any CPU
	EndGlobalSection
	GlobalSection(ProjectConfigurationPlatforms) = postSolution
		{776EE51A-56F0-4A57-A262-2D63D7695D7B}.Debug|Any CPU.ActiveCfg = Debug|Any CPU
		{776EE51A-56F0-4A57-A262-2D63D7695D7B}.Debug|Any CPU.Build.0 = Debug|Any CPU
		{776EE51A-56F0-4A57-A262-2D63D7695D7B}.Release|Any CPU.ActiveCfg = Release|Any CPU
		{776EE51A-56F0-4A57-A262-2D63D7695D7B}.Release|Any CPU.Build.0 = Release|Any CPU
	EndGlobalSection
	GlobalSection(SolutionProperties) = preSolution
		HideSolutionNode = FALSE
	EndGlobalSection
	GlobalSection(ExtensibilityGlobals) = postSolution
		SolutionGuid = {17CBE6B1-9E9D-4DEF-92F8-A578FA29702C}
	EndGlobalSection
EndGlobal
